# @generated - this file is auto-generated by `mise lock` https://mise.jdx.dev/dev-tools/mise-lock.html

lockfile_version = 1

[[tools.go]]
version = "1.26.8"
backend = "core:go"
specifiers = ["1.26"]

[tools.go."platforms.linux-arm64"]
checksum = "sha256:211ffced9dcb9633a55eac6364816ec0ddd951389a740e88fa8b3337971bdda0"
url = "https://dl.google.com/go/go1.26.8.linux-arm64.tar.gz"

[tools.go."platforms.linux-arm64-musl"]
checksum = "sha256:211ffced9dcb9633a55eac6364816ec0ddd951389a740e88fa8b3337971bdda0"
url = "https://dl.google.com/go/go1.26.8.linux-arm64.tar.gz"

[tools.go."platforms.linux-x64"]
checksum = "sha256:d0f743b33e8d8945e6b1f432edd15785c70507121d6e2a723b21285eddf8b57b"
url = "https://dl.google.com/go/go1.26.8.linux-amd64.tar.gz"

[tools.go."platforms.linux-x64-musl"]
checksum = "sha256:d0f743b33e8d8945e6b1f432edd15785c70507121d6e2a723b21285eddf8b57b"
url = "https://dl.google.com/go/go1.26.8.linux-amd64.tar.gz"

[tools.go."platforms.macos-arm64"]
checksum = "sha256:a012b25b571bd0138a03dcd25375ceba866fe5ca822f426d2c66a4de56fd3f4b"
url = "https://dl.google.com/go/go1.26.8.darwin-arm64.tar.gz"

[tools.go."platforms.macos-x64"]
checksum = "sha256:186be014105aa6542b767d2c6ed5cca10a0214bdff809ef1724022a8c7894150"
url = "https://dl.google.com/go/go1.26.8.darwin-amd64.tar.gz"

[tools.go."platforms.windows-x64"]
checksum = "sha256:b92c3b2adae85a11ba71fe7216daf0d84e82af4c8ab6c5625807f28622043a59"
url = "https://dl.google.com/go/go1.26.8.windows-amd64.zip"

[[tools.hugo]]
version = "0.164.0"
backend = "aqua:gohugoio/hugo"
specifiers = ["latest"]

[tools.hugo."platforms.linux-arm64"]
checksum = "sha256:948ee5f0ed30175f31937d592d63a2712f0761a69f1cbe812f780eb918a08b8e"
url = "https://github.com/gohugoio/hugo/releases/download/v0.164.0/hugo_0.164.0_linux-arm64.tar.gz"
url_api = "https://api.github.com/repos/gohugoio/hugo/releases/assets/468320173"

[tools.hugo."platforms.linux-arm64-musl"]
checksum = "sha256:948ee5f0ed30175f31937d592d63a2712f0761a69f1cbe812f780eb918a08b8e"
url = "https://github.com/gohugoio/hugo/releases/download/v0.164.0/hugo_0.164.0_linux-arm64.tar.gz"
url_api = "https://api.github.com/repos/gohugoio/hugo/releases/assets/468320173"

[tools.hugo."platforms.linux-x64"]
checksum = "sha256:d9c8b17285ea4ec004d9f814273ea910f2051ce02c284993fd1f91ba455ae50d"
url = "https://github.com/gohugoio/hugo/releases/download/v0.164.0/hugo_0.164.0_linux-amd64.tar.gz"
url_api = "https://api.github.com/repos/gohugoio/hugo/releases/assets/468320170"

[tools.hugo."platforms.linux-x64-musl"]
checksum = "sha256:d9c8b17285ea4ec004d9f814273ea910f2051ce02c284993fd1f91ba455ae50d"
url = "https://github.com/gohugoio/hugo/releases/download/v0.164.0/hugo_0.164.0_linux-amd64.tar.gz"
url_api = "https://api.github.com/repos/gohugoio/hugo/releases/assets/468320170"

[tools.hugo."platforms.macos-arm64"]
checksum = "sha256:c994e2cc6946838bb76521039509a7ce71282827e7035e344b6c225a83a5d0d3"
url = "https://github.com/gohugoio/hugo/releases/download/v0.164.0/hugo_0.164.0_darwin-universal.pkg"
url_api = "https://api.github.com/repos/gohugoio/hugo/releases/assets/468320272"

[tools.hugo."platforms.macos-x64"]
checksum = "sha256:c994e2cc6946838bb76521039509a7ce71282827e7035e344b6c225a83a5d0d3"
url = "https://github.com/gohugoio/hugo/releases/download/v0.164.0/hugo_0.164.0_darwin-universal.pkg"
url_api = "https://api.github.com/repos/gohugoio/hugo/releases/assets/468320272"

[tools.hugo."platforms.windows-x64"]
checksum = "sha256:dadf3499d4c6a27f6bc9d56d5a992ba62d82a74a3771fcc165c364ec1eeaac1c"
url = "https://github.com/gohugoio/hugo/releases/download/v0.164.0/hugo_0.164.0_windows-amd64.zip"
url_api = "https://api.github.com/repos/gohugoio/hugo/releases/assets/468320283"
